
Microsoft Visual Studio Solution File, Format Version 12.00
# Visual Studio Version 17
VisualStudioVersion = 17.2.32519.379
MinimumVisualStudioVersion = 10.0.40219.1
Project("{9A19103F-16F7-4668-BE54-9A1E7A4F7556}") = "TelegramTestBot.UI", "TelegramTestBot.UI\TelegramTestBot.UI.csproj", "{089D937F-EDFF-4942-A2F4-2AD1E850A3BF}"
EndProject
Project("{00D1A9C2-B5F0-4AF3-8072-F6C62B433612}") = "TelegramTestBot.DB", "TelegramTestBot.DB\TelegramTestBot.DB.sqlproj", "{39FBFF9A-E1A8-4558-8442-7DF120065DB4}"
EndProject
Project("{9A19103F-16F7-4668-BE54-9A1E7A4F7556}") = "TelegramTestBot.DAL", "TelegramTestBot.DAL\TelegramTestBot.DAL.csproj", "{7FCFD01B-ADE0-42A6-B0B1-250250AE546D}"
EndProject
Project("{FAE04EC0-301F-11D3-BF4B-00C04F79EFBC}") = "TelegramTestBot.BL", "TelegramTestBot.BL\TelegramTestBot.BL.csproj", "{F6BAD262-3660-4D11-9EDA-413D49F4DD39}"
EndProject
Global
	GlobalSection(SolutionConfigurationPlatforms) = preSolution
		Debug|Any CPU = Debug|Any CPU
		Release|Any CPU = Release|Any CPU
	EndGlobalSection
	GlobalSection(ProjectConfigurationPlatforms) = postSolution
		{089D937F-EDFF-4942-A2F4-2AD1E850A3BF}.Debug|Any CPU.ActiveCfg = Debug|Any CPU
		{089D937F-EDFF-4942-A2F4-2AD1E850A3BF}.Debug|Any CPU.Build.0 = Debug|Any CPU
		{089D937F-EDFF-4942-A2F4-2AD1E850A3BF}.Release|Any CPU.ActiveCfg = Release|Any CPU
		{089D937F-EDFF-4942-A2F4-2AD1E850A3BF}.Release|Any CPU.Build.0 = Release|Any CPU
		{39FBFF9A-E1A8-4558-8442-7DF120065DB4}.Debug|Any CPU.ActiveCfg = Debug|Any CPU
		{39FBFF9A-E1A8-4558-8442-7DF120065DB4}.Debug|Any CPU.Build.0 = Debug|Any CPU
		{39FBFF9A-E1A8-4558-8442-7DF120065DB4}.Debug|Any CPU.Deploy.0 = Debug|Any CPU
		{39FBFF9A-E1A8-4558-8442-7DF120065DB4}.Release|Any CPU.ActiveCfg = Release|Any CPU
		{39FBFF9A-E1A8-4558-8442-7DF120065DB4}.Release|Any CPU.Build.0 = Release|Any CPU
		{39FBFF9A-E1A8-4558-8442-7DF120065DB4}.Release|Any CPU.Deploy.0 = Release|Any CPU
		{7FCFD01B-ADE0-42A6-B0B1-250250AE546D}.Debug|Any CPU.ActiveCfg = Debug|Any CPU
		{7FCFD01B-ADE0-42A6-B0B1-250250AE546D}.Debug|Any CPU.Build.0 = Debug|Any CPU
		{7FCFD01B-ADE0-42A6-B0B1-250250AE546D}.Release|Any CPU.ActiveCfg = Release|Any CPU
		{7FCFD01B-ADE0-42A6-B0B1-250250AE546D}.Release|Any CPU.Build.0 = Release|Any CPU
		{F6BAD262-3660-4D11-9EDA-413D49F4DD39}.Debug|Any CPU.ActiveCfg = Debug|Any CPU
		{F6BAD262-3660-4D11-9EDA-413D49F4DD39}.Debug|Any CPU.Build.0 = Debug|Any CPU
		{F6BAD262-3660-4D11-9EDA-413D49F4DD39}.Release|Any CPU.ActiveCfg = Release|Any CPU
		{F6BAD262-3660-4D11-9EDA-413D49F4DD39}.Release|Any CPU.Build.0 = Release|Any CPU
	EndGlobalSection
	GlobalSection(SolutionProperties) = preSolution
		HideSolutionNode = FALSE
	EndGlobalSection
	GlobalSection(ExtensibilityGlobals) = postSolution
		SolutionGuid = {3449BA8D-3BC6-4C8C-AB12-90FC9C159F5B}
	EndGlobalSection
EndGlobal
